
Microsoft Visual Studio Solution File, Format Version 12.00
# Visual Studio Version 17
VisualStudioVersion = 17.5.33530.505
MinimumVisualStudioVersion = 10.0.40219.1
Project("{9A19103F-16F7-4668-BE54-9A1E7A4F7556}") = "AboutMe.Server", "Server\AboutMe.Server.csproj", "{1DE55AD8-BA5F-4522-8FF8-299DD8D3629F}"
EndProject
Project("{9A19103F-16F7-4668-BE54-9A1E7A4F7556}") = "AboutMe.Client", "Client\AboutMe.Client.csproj", "{4117229F-4305-4229-AA71-3F46802D2262}"
EndProject
Project("{9A19103F-16F7-4668-BE54-9A1E7A4F7556}") = "AboutMe.Shared", "Shared\AboutMe.Shared.csproj", "{28D1A155-DCC7-45A4-9E08-72908A5C19CA}"
EndProject
Global
	GlobalSection(SolutionConfigurationPlatforms) = preSolution
		Debug|Any CPU = Debug|Any CPU
		Release|Any CPU = Release|Any CPU
	EndGlobalSection
	GlobalSection(ProjectConfigurationPlatforms) = postSolution
		{1DE55AD8-BA5F-4522-8FF8-299DD8D3629F}.Debug|Any CPU.ActiveCfg = Debug|Any CPU
		{1DE55AD8-BA5F-4522-8FF8-299DD8D3629F}.Debug|Any CPU.Build.0 = Debug|Any CPU
		{1DE55AD8-BA5F-4522-8FF8-299DD8D3629F}.Release|Any CPU.ActiveCfg = Release|Any CPU
		{1DE55AD8-BA5F-4522-8FF8-299DD8D3629F}.Release|Any CPU.Build.0 = Release|Any CPU
		{4117229F-4305-4229-AA71-3F46802D2262}.Debug|Any CPU.ActiveCfg = Debug|Any CPU
		{4117229F-4305-4229-AA71-3F46802D2262}.Debug|Any CPU.Build.0 = Debug|Any CPU
		{4117229F-4305-4229-AA71-3F46802D2262}.Release|Any CPU.ActiveCfg = Release|Any CPU
		{4117229F-4305-4229-AA71-3F46802D2262}.Release|Any CPU.Build.0 = Release|Any CPU
		{28D1A155-DCC7-45A4-9E08-72908A5C19CA}.Debug|Any CPU.ActiveCfg = Debug|Any CPU
		{28D1A155-DCC7-45A4-9E08-72908A5C19CA}.Debug|Any CPU.Build.0 = Debug|Any CPU
		{28D1A155-DCC7-45A4-9E08-72908A5C19CA}.Release|Any CPU.ActiveCfg = Release|Any CPU
		{28D1A155-DCC7-45A4-9E08-72908A5C19CA}.Release|Any CPU.Build.0 = Release|Any CPU
	EndGlobalSection
	GlobalSection(SolutionProperties) = preSolution
		HideSolutionNode = FALSE
	EndGlobalSection
	GlobalSection(ExtensibilityGlobals) = postSolution
		SolutionGuid = {6633C994-157E-4F7D-9368-228CE7E9E402}
	EndGlobalSection
EndGlobal
